
Microsoft Visual Studio Solution File, Format Version 12.00
# Visual Studio Version 17
VisualStudioVersion = 17.0.32112.339
MinimumVisualStudioVersion = 10.0.40219.1
Project("{8BC9CEB8-8B4A-11D0-8D11-00A0C91BC942}") = "kshootmania", "kshootmania\kshootmania.vcxproj", "{B4609A06-16A9-42DB-B710-A95587A0A5C1}"
	ProjectSection(ProjectDependencies) = postProject
		{E8FC8484-971E-48D5-8523-1F38E5F9A45E} = {E8FC8484-971E-48D5-8523-1F38E5F9A45E}
		{590CB790-463C-417A-BB1F-183ADF4FE900} = {590CB790-463C-417A-BB1F-183ADF4FE900}
	EndProjectSection
EndProject
Project("{8BC9CEB8-8B4A-11D0-8D11-00A0C91BC942}") = "kson", "kson\kson.vcxproj", "{E8FC8484-971E-48D5-8523-1F38E5F9A45E}"
EndProject
Project("{8BC9CEB8-8B4A-11D0-8D11-00A0C91BC942}") = "ksmaudio", "ksmaudio\ksmaudio.vcxproj", "{590CB790-463C-417A-BB1F-183ADF4FE900}"
EndProject
Global
	GlobalSection(SolutionConfigurationPlatforms) = preSolution
		Debug|x64 = Debug|x64
		Release|x64 = Release|x64
	EndGlobalSection
	GlobalSection(ProjectConfigurationPlatforms) = postSolution
		{B4609A06-16A9-42DB-B710-A95587A0A5C1}.Debug|x64.ActiveCfg = Debug|x64
		{B4609A06-16A9-42DB-B710-A95587A0A5C1}.Debug|x64.Build.0 = Debug|x64
		{B4609A06-16A9-42DB-B710-A95587A0A5C1}.Release|x64.ActiveCfg = Release|x64
		{B4609A06-16A9-42DB-B710-A95587A0A5C1}.Release|x64.Build.0 = Release|x64
		{E8FC8484-971E-48D5-8523-1F38E5F9A45E}.Debug|x64.ActiveCfg = Debug|x64
		{E8FC8484-971E-48D5-8523-1F38E5F9A45E}.Debug|x64.Build.0 = Debug|x64
		{E8FC8484-971E-48D5-8523-1F38E5F9A45E}.Release|x64.ActiveCfg = Release|x64
		{E8FC8484-971E-48D5-8523-1F38E5F9A45E}.Release|x64.Build.0 = Release|x64
		{590CB790-463C-417A-BB1F-183ADF4FE900}.Debug|x64.ActiveCfg = Debug|x64
		{590CB790-463C-417A-BB1F-183ADF4FE900}.Debug|x64.Build.0 = Debug|x64
		{590CB790-463C-417A-BB1F-183ADF4FE900}.Release|x64.ActiveCfg = Release|x64
		{590CB790-463C-417A-BB1F-183ADF4FE900}.Release|x64.Build.0 = Release|x64
	EndGlobalSection
	GlobalSection(SolutionProperties) = preSolution
		HideSolutionNode = FALSE
	EndGlobalSection
	GlobalSection(ExtensibilityGlobals) = postSolution
		SolutionGuid = {B8835B7E-3D77-420C-A8AF-031AD934FE65}
	EndGlobalSection
EndGlobal
