<?xml version="1.0" encoding="utf-8"?>
<Project ToolsVersion="4.0" xmlns="http://schemas.microsoft.com/developer/msbuild/2003">
  <ItemGroup>
    <Filter Include="Source Files">
      <UniqueIdentifier>{4FC737F1-C7A5-4376-A066-2A32D752A2FF}</UniqueIdentifier>
      <Extensions>cpp;c;cc;cxx;c++;cppm;ixx;def;odl;idl;hpj;bat;asm;asmx</Extensions>
    </Filter>
    <Filter Include="Header Files">
      <UniqueIdentifier>{93995380-89BD-4b04-88EB-625FBE52EBFB}</UniqueIdentifier>
      <Extensions>h;hh;hpp;hxx;h++;hm;inl;inc;ipp;xsd</Extensions>
    </Filter>
    <Filter Include="Resource Files">
      <UniqueIdentifier>{67DA6AB6-F800-4c08-8B7A-83BB121AAD01}</UniqueIdentifier>
      <Extensions>rc;ico;cur;bmp;dlg;rc2;rct;bin;rgs;gif;jpg;jpeg;jpe;resx;tiff;tif;png;wav;mfcribbon-ms</Extensions>
    </Filter>
    <Filter Include="Source Files\audio_effect">
      <UniqueIdentifier>{5aca9668-1a76-42f0-bce1-19ebc5e7492c}</UniqueIdentifier>
    </Filter>
    <Filter Include="Header Files\audio_effect">
      <UniqueIdentifier>{76aa4d8e-e7fa-454d-93b3-aded0f9216ff}</UniqueIdentifier>
    </Filter>
    <Filter Include="Header Files\audio_effect\detail">
      <UniqueIdentifier>{ae6e503d-41e1-431e-80ff-792658686882}</UniqueIdentifier>
    </Filter>
    <Filter Include="Header Files\audio_effect\dsp">
      <UniqueIdentifier>{e7afd076-36f2-42a6-9e5b-7f5d2a253434}</UniqueIdentifier>
    </Filter>
    <Filter Include="Source Files\audio_effect\dsp">
      <UniqueIdentifier>{d05deea0-7285-4596-9f78-fca8d7a9ca65}</UniqueIdentifier>
    </Filter>
    <Filter Include="Header Files\audio_effect\params">
      <UniqueIdentifier>{e705ee3f-0c63-4fe9-8c3d-b0a271560e85}</UniqueIdentifier>
    </Filter>
  </ItemGroup>
  <ItemGroup>
    <ClInclude Include="include\ksmaudio\ksmaudio.hpp">
      <Filter>Header Files</Filter>
    </ClInclude>
    <ClInclude Include="include\ksmaudio\sample.hpp">
      <Filter>Header Files</Filter>
    </ClInclude>
    <ClInclude Include="include\ksmaudio\stream.hpp">
      <Filter>Header Files</Filter>
    </ClInclude>
    <ClInclude Include="include\ksmaudio\audio_effect\audio_effect.hpp">
      <Filter>Header Files\audio_effect</Filter>
    </ClInclude>
    <ClInclude Include="include\ksmaudio\audio_effect\detail\biquad_filter.hpp">
      <Filter>Header Files\audio_effect\detail</Filter>
    </ClInclude>
    <ClInclude Include="include\ksmaudio\audio_effect\detail\math_utils.hpp">
      <Filter>Header Files\audio_effect\detail</Filter>
    </ClInclude>
    <ClInclude Include="include\ksmaudio\audio_effect\detail\ring_buffer.hpp">
      <Filter>Header Files\audio_effect\detail</Filter>
    </ClInclude>
    <ClInclude Include="include\ksmaudio\audio_effect\audio_effect_param.hpp">
      <Filter>Header Files\audio_effect</Filter>
    </ClInclude>
    <ClInclude Include="include\ksmaudio\audio_effect\dsp\flanger_dsp.hpp">
      <Filter>Header Files\audio_effect\dsp</Filter>
    </ClInclude>
    <ClInclude Include="include\ksmaudio\audio_effect\all.hpp">
      <Filter>Header Files\audio_effect</Filter>
    </ClInclude>
    <ClInclude Include="include\ksmaudio\audio_effect\dsp\bitcrusher_dsp.hpp">
      <Filter>Header Files\audio_effect\dsp</Filter>
    </ClInclude>
    <ClInclude Include="include\ksmaudio\audio_effect\params\flanger_params.hpp">
      <Filter>Header Files\audio_effect\params</Filter>
    </ClInclude>
    <ClInclude Include="include\ksmaudio\audio_effect\params\bitcrusher_params.hpp">
      <Filter>Header Files\audio_effect\params</Filter>
    </ClInclude>
    <ClInclude Include="include\ksmaudio\stream_with_effects.hpp">
      <Filter>Header Files</Filter>
    </ClInclude>
    <ClInclude Include="include\ksmaudio\audio_effect\params\retrigger_params.hpp">
      <Filter>Header Files\audio_effect\params</Filter>
    </ClInclude>
    <ClInclude Include="include\ksmaudio\audio_effect\detail\wave_length_utils.hpp">
      <Filter>Header Files\audio_effect\detail</Filter>
    </ClInclude>
    <ClInclude Include="include\ksmaudio\audio_effect\dsp\retrigger_dsp.hpp">
      <Filter>Header Files\audio_effect\dsp</Filter>
    </ClInclude>
    <ClInclude Include="include\ksmaudio\audio_effect\detail\linear_buffer.hpp">
      <Filter>Header Files\audio_effect\detail</Filter>
    </ClInclude>
  </ItemGroup>
  <ItemGroup>
    <ClCompile Include="src\ksmaudio.cpp">
      <Filter>Source Files</Filter>
    </ClCompile>
    <ClCompile Include="src\sample.cpp">
      <Filter>Source Files</Filter>
    </ClCompile>
    <ClCompile Include="src\stream.cpp">
      <Filter>Source Files</Filter>
    </ClCompile>
    <ClCompile Include="src\audio_effect\audio_effect_param.cpp">
      <Filter>Source Files\audio_effect</Filter>
    </ClCompile>
    <ClCompile Include="src\audio_effect\dsp\flanger_dsp.cpp">
      <Filter>Source Files\audio_effect\dsp</Filter>
    </ClCompile>
    <ClCompile Include="src\audio_effect\dsp\bitcrusher_dsp.cpp">
      <Filter>Source Files\audio_effect\dsp</Filter>
    </ClCompile>
    <ClCompile Include="src\stream_with_effects.cpp">
      <Filter>Source Files</Filter>
    </ClCompile>
    <ClCompile Include="src\audio_effect\dsp\retrigger_dsp.cpp">
      <Filter>Source Files\audio_effect\dsp</Filter>
    </ClCompile>
  </ItemGroup>
</Project>